
Microsoft Visual Studio Solution File, Format Version 10.00
# Visual Studio 2008
Project("{F184B08F-C81C-45F6-A57F-5ABD9991F28F}") = "MCR Stop Lot", "MCR Stop Lot\MCR Stop Lot.vbproj", "{0FBDB598-AFF0-4553-B326-4B3A7235EE56}"
EndProject
Global
	GlobalSection(SolutionConfigurationPlatforms) = preSolution
		Debug|Any CPU = Debug|Any CPU
		Debug|x86 = Debug|x86
		Release|Any CPU = Release|Any CPU
		Release|x86 = Release|x86
	EndGlobalSection
	GlobalSection(ProjectConfigurationPlatforms) = postSolution
		{0FBDB598-AFF0-4553-B326-4B3A7235EE56}.Debug|Any CPU.ActiveCfg = Debug|Any CPU
		{0FBDB598-AFF0-4553-B326-4B3A7235EE56}.Debug|Any CPU.Build.0 = Debug|Any CPU
		{0FBDB598-AFF0-4553-B326-4B3A7235EE56}.Debug|x86.ActiveCfg = Debug|x86
		{0FBDB598-AFF0-4553-B326-4B3A7235EE56}.Debug|x86.Build.0 = Debug|x86
		{0FBDB598-AFF0-4553-B326-4B3A7235EE56}.Release|Any CPU.ActiveCfg = Release|Any CPU
		{0FBDB598-AFF0-4553-B326-4B3A7235EE56}.Release|Any CPU.Build.0 = Release|Any CPU
		{0FBDB598-AFF0-4553-B326-4B3A7235EE56}.Release|x86.ActiveCfg = Release|x86
		{0FBDB598-AFF0-4553-B326-4B3A7235EE56}.Release|x86.Build.0 = Release|x86
	EndGlobalSection
	GlobalSection(SolutionProperties) = preSolution
		HideSolutionNode = FALSE
	EndGlobalSection
EndGlobal
