
Microsoft Visual Studio Solution File, Format Version 10.00
# Visual Studio 2008
Project("{F184B08F-C81C-45F6-A57F-5ABD9991F28F}") = "MCRCmnClass", "MCRCmnClass\MCRCmnClass.vbproj", "{70E7C7E7-BA73-4A55-AB8E-AA86A7C4B033}"
EndProject
Project("{F184B08F-C81C-45F6-A57F-5ABD9991F28F}") = "MCRCmnIndClass", "MCRCmnIndClass\MCRCmnIndClass.vbproj", "{99A64212-E472-4C5F-A52E-FAAFAF2C3F33}"
EndProject
Global
	GlobalSection(SolutionConfigurationPlatforms) = preSolution
		Debug|Any CPU = Debug|Any CPU
		Release|Any CPU = Release|Any CPU
	EndGlobalSection
	GlobalSection(ProjectConfigurationPlatforms) = postSolution
		{70E7C7E7-BA73-4A55-AB8E-AA86A7C4B033}.Debug|Any CPU.ActiveCfg = Debug|Any CPU
		{70E7C7E7-BA73-4A55-AB8E-AA86A7C4B033}.Debug|Any CPU.Build.0 = Debug|Any CPU
		{70E7C7E7-BA73-4A55-AB8E-AA86A7C4B033}.Release|Any CPU.ActiveCfg = Debug|Any CPU
		{70E7C7E7-BA73-4A55-AB8E-AA86A7C4B033}.Release|Any CPU.Build.0 = Debug|Any CPU
		{99A64212-E472-4C5F-A52E-FAAFAF2C3F33}.Debug|Any CPU.ActiveCfg = Debug|Any CPU
		{99A64212-E472-4C5F-A52E-FAAFAF2C3F33}.Debug|Any CPU.Build.0 = Debug|Any CPU
		{99A64212-E472-4C5F-A52E-FAAFAF2C3F33}.Release|Any CPU.ActiveCfg = Debug|Any CPU
		{99A64212-E472-4C5F-A52E-FAAFAF2C3F33}.Release|Any CPU.Build.0 = Debug|Any CPU
	EndGlobalSection
	GlobalSection(SolutionProperties) = preSolution
		HideSolutionNode = FALSE
	EndGlobalSection
EndGlobal
